{
  "name": "picos-mod-redis",
  "version": "0.1.1",
  "lockfileVersion": 2,
  "requires": true,
  "packages": {
    "": {
      "name": "picos-mod-redis",
      "version": "0.1.1",
      "license": "MIT",
      "dependencies": {
        "pico-args": "^1.0.13",
        "picos-session": "^0.1.4",
        "redis": "^3.1.2"
      }
    },
    "node_modules/denque": {
      "version": "1.5.0",
      "resolved": "https://registry.npmjs.org/denque/-/denque-1.5.0.tgz",
      "integrity": "sha512-CYiCSgIF1p6EUByQPlGkKnP1M9g0ZV3qMIrqMqZqdwazygIA/YP2vrbcyl1h/WppKJTdl1F85cXIle+394iDAQ==",
      "engines": {
        "node": ">=0.10"
      }
    },
    "node_modules/pico-args": {
      "version": "1.0.13",
      "resolved": "https://registry.npmjs.org/pico-args/-/pico-args-1.0.13.tgz",
      "integrity": "sha512-MbzpsN97SN5g64toteGlHwozYed+r2mkZyftiuHlP/fUkHssi2AVAF9J/G9DG+ztR5hb7eOxMo9RFCBuUhuTCA==",
      "dependencies": {
        "pico-common": "*"
      }
    },
    "node_modules/pico-common": {
      "version": "0.14.20",
      "resolved": "https://registry.npmjs.org/pico-common/-/pico-common-0.14.20.tgz",
      "integrity": "sha512-5S5xE0XR6pAWcLJQpAAUwRStwg894plTgctuUOYgdSdKjOsZ4ZOmWikdlMKW8BZanqASZ0XAaRMMzmevaEFbYA==",
      "bin": {
        "pico-common-build": "concat.js"
      }
    },
    "node_modules/picos-session": {
      "version": "0.1.4",
      "resolved": "https://registry.npmjs.org/picos-session/-/picos-session-0.1.4.tgz",
      "integrity": "sha512-Lv0CD6HNcWGgEkpIHLngIrqCVZgcN9QNsXQyR47RWPpU1B7y4O878t8mnioLhJnSnozjNLWYs4MD6Qmopag4ng==",
      "dependencies": {
        "pico-common": "^0.10.18"
      }
    },
    "node_modules/picos-session/node_modules/pico-common": {
      "version": "0.10.30",
      "resolved": "https://registry.npmjs.org/pico-common/-/pico-common-0.10.30.tgz",
      "integrity": "sha512-/m6YnE+SvO4uxWuT39vY7+iKegk48u/LVD0sZnhr7LPnBkjzM/aRrWUWEwWB3vwxXCvj5IWBjxUzKJL4GW+o3A=="
    },
    "node_modules/redis": {
      "version": "3.1.2",
      "resolved": "https://registry.npmjs.org/redis/-/redis-3.1.2.tgz",
      "integrity": "sha512-grn5KoZLr/qrRQVwoSkmzdbw6pwF+/rwODtrOr6vuBRiR/f3rjSTGupbF90Zpqm2oenix8Do6RV7pYEkGwlKkw==",
      "dependencies": {
        "denque": "^1.5.0",
        "redis-commands": "^1.7.0",
        "redis-errors": "^1.2.0",
        "redis-parser": "^3.0.0"
      },
      "engines": {
        "node": ">=10"
      },
      "funding": {
        "type": "opencollective",
        "url": "https://opencollective.com/node-redis"
      }
    },
    "node_modules/redis-commands": {
      "version": "1.7.0",
      "resolved": "https://registry.npmjs.org/redis-commands/-/redis-commands-1.7.0.tgz",
      "integrity": "sha512-nJWqw3bTFy21hX/CPKHth6sfhZbdiHP6bTawSgQBlKOVRG7EZkfHbbHwQJnrE4vsQf0CMNE+3gJ4Fmm16vdVlQ=="
    },
    "node_modules/redis-errors": {
      "version": "1.2.0",
      "resolved": "https://registry.npmjs.org/redis-errors/-/redis-errors-1.2.0.tgz",
      "integrity": "sha1-62LSrbFeTq9GEMBK/hUpOEJQq60=",
      "engines": {
        "node": ">=4"
      }
    },
    "node_modules/redis-parser": {
      "version": "3.0.0",
      "resolved": "https://registry.npmjs.org/redis-parser/-/redis-parser-3.0.0.tgz",
      "integrity": "sha1-tm2CjNyv5rS4pCin3vTGvKwxyLQ=",
      "dependencies": {
        "redis-errors": "^1.0.0"
      },
      "engines": {
        "node": ">=4"
      }
    }
  },
  "dependencies": {
    "denque": {
      "version": "1.5.0",
      "resolved": "https://registry.npmjs.org/denque/-/denque-1.5.0.tgz",
      "integrity": "sha512-CYiCSgIF1p6EUByQPlGkKnP1M9g0ZV3qMIrqMqZqdwazygIA/YP2vrbcyl1h/WppKJTdl1F85cXIle+394iDAQ=="
    },
    "pico-args": {
      "version": "1.0.13",
      "resolved": "https://registry.npmjs.org/pico-args/-/pico-args-1.0.13.tgz",
      "integrity": "sha512-MbzpsN97SN5g64toteGlHwozYed+r2mkZyftiuHlP/fUkHssi2AVAF9J/G9DG+ztR5hb7eOxMo9RFCBuUhuTCA==",
      "requires": {
        "pico-common": "*"
      }
    },
    "pico-common": {
      "version": "0.14.20",
      "resolved": "https://registry.npmjs.org/pico-common/-/pico-common-0.14.20.tgz",
      "integrity": "sha512-5S5xE0XR6pAWcLJQpAAUwRStwg894plTgctuUOYgdSdKjOsZ4ZOmWikdlMKW8BZanqASZ0XAaRMMzmevaEFbYA=="
    },
    "picos-session": {
      "version": "0.1.4",
      "resolved": "https://registry.npmjs.org/picos-session/-/picos-session-0.1.4.tgz",
      "integrity": "sha512-Lv0CD6HNcWGgEkpIHLngIrqCVZgcN9QNsXQyR47RWPpU1B7y4O878t8mnioLhJnSnozjNLWYs4MD6Qmopag4ng==",
      "requires": {
        "pico-common": "^0.10.18"
      },
      "dependencies": {
        "pico-common": {
          "version": "0.10.30",
          "resolved": "https://registry.npmjs.org/pico-common/-/pico-common-0.10.30.tgz",
          "integrity": "sha512-/m6YnE+SvO4uxWuT39vY7+iKegk48u/LVD0sZnhr7LPnBkjzM/aRrWUWEwWB3vwxXCvj5IWBjxUzKJL4GW+o3A=="
        }
      }
    },
    "redis": {
      "version": "3.1.2",
      "resolved": "https://registry.npmjs.org/redis/-/redis-3.1.2.tgz",
      "integrity": "sha512-grn5KoZLr/qrRQVwoSkmzdbw6pwF+/rwODtrOr6vuBRiR/f3rjSTGupbF90Zpqm2oenix8Do6RV7pYEkGwlKkw==",
      "requires": {
        "denque": "^1.5.0",
        "redis-commands": "^1.7.0",
        "redis-errors": "^1.2.0",
        "redis-parser": "^3.0.0"
      }
    },
    "redis-commands": {
      "version": "1.7.0",
      "resolved": "https://registry.npmjs.org/redis-commands/-/redis-commands-1.7.0.tgz",
      "integrity": "sha512-nJWqw3bTFy21hX/CPKHth6sfhZbdiHP6bTawSgQBlKOVRG7EZkfHbbHwQJnrE4vsQf0CMNE+3gJ4Fmm16vdVlQ=="
    },
    "redis-errors": {
      "version": "1.2.0",
      "resolved": "https://registry.npmjs.org/redis-errors/-/redis-errors-1.2.0.tgz",
      "integrity": "sha1-62LSrbFeTq9GEMBK/hUpOEJQq60="
    },
    "redis-parser": {
      "version": "3.0.0",
      "resolved": "https://registry.npmjs.org/redis-parser/-/redis-parser-3.0.0.tgz",
      "integrity": "sha1-tm2CjNyv5rS4pCin3vTGvKwxyLQ=",
      "requires": {
        "redis-errors": "^1.0.0"
      }
    }
  }
}
